
Microsoft Visual Studio Solution File, Format Version 12.00
# Visual Studio 15
VisualStudioVersion = 15.0.27130.2010
MinimumVisualStudioVersion = 10.0.40219.1
Project("{FAE04EC0-301F-11D3-BF4B-00C04F79EFBC}") = "MinesweeperWeb", "MinesweeperWeb\MinesweeperWeb.csproj", "{69E39F99-1CA1-46CF-B3F1-43EE4E96CDC0}"
EndProject
Global
	GlobalSection(SolutionConfigurationPlatforms) = preSolution
		Debug|Any CPU = Debug|Any CPU
		Release|Any CPU = Release|Any CPU
	EndGlobalSection
	GlobalSection(ProjectConfigurationPlatforms) = postSolution
		{69E39F99-1CA1-46CF-B3F1-43EE4E96CDC0}.Debug|Any CPU.ActiveCfg = Debug|Any CPU
		{69E39F99-1CA1-46CF-B3F1-43EE4E96CDC0}.Debug|Any CPU.Build.0 = Debug|Any CPU
		{69E39F99-1CA1-46CF-B3F1-43EE4E96CDC0}.Release|Any CPU.ActiveCfg = Release|Any CPU
		{69E39F99-1CA1-46CF-B3F1-43EE4E96CDC0}.Release|Any CPU.Build.0 = Release|Any CPU
	EndGlobalSection
	GlobalSection(SolutionProperties) = preSolution
		HideSolutionNode = FALSE
	EndGlobalSection
	GlobalSection(ExtensibilityGlobals) = postSolution
		SolutionGuid = {4B47F5A6-C0AE-4933-8DEF-C8D040858CA3}
	EndGlobalSection
EndGlobal
